
Microsoft Visual Studio Solution File, Format Version 12.00
# Visual Studio Version 17
VisualStudioVersion = 17.5.002.0
MinimumVisualStudioVersion = 10.0.40219.1
Project("{9A19103F-16F7-4668-BE54-9A1E7A4F7556}") = "Starter", "Starter\Starter.csproj", "{0BC4B30E-6FDE-464B-B707-37ADC226793A}"
EndProject
Project("{9A19103F-16F7-4668-BE54-9A1E7A4F7556}") = "Final", "Final\Final.csproj", "{A940E045-F7A2-4142-82BD-5CD9244694B6}"
EndProject
Global
	GlobalSection(SolutionConfigurationPlatforms) = preSolution
		Debug|Any CPU = Debug|Any CPU
		Release|Any CPU = Release|Any CPU
	EndGlobalSection
	GlobalSection(ProjectConfigurationPlatforms) = postSolution
		{0BC4B30E-6FDE-464B-B707-37ADC226793A}.Debug|Any CPU.ActiveCfg = Debug|Any CPU
		{0BC4B30E-6FDE-464B-B707-37ADC226793A}.Debug|Any CPU.Build.0 = Debug|Any CPU
		{0BC4B30E-6FDE-464B-B707-37ADC226793A}.Release|Any CPU.ActiveCfg = Release|Any CPU
		{0BC4B30E-6FDE-464B-B707-37ADC226793A}.Release|Any CPU.Build.0 = Release|Any CPU
		{A940E045-F7A2-4142-82BD-5CD9244694B6}.Debug|Any CPU.ActiveCfg = Debug|Any CPU
		{A940E045-F7A2-4142-82BD-5CD9244694B6}.Debug|Any CPU.Build.0 = Debug|Any CPU
		{A940E045-F7A2-4142-82BD-5CD9244694B6}.Release|Any CPU.ActiveCfg = Release|Any CPU
		{A940E045-F7A2-4142-82BD-5CD9244694B6}.Release|Any CPU.Build.0 = Release|Any CPU
	EndGlobalSection
	GlobalSection(SolutionProperties) = preSolution
		HideSolutionNode = FALSE
	EndGlobalSection
	GlobalSection(ExtensibilityGlobals) = postSolution
		SolutionGuid = {5082B4B5-55B3-43F0-8FB4-35F14C16D5CB}
	EndGlobalSection
EndGlobal
